// !$*UTF8*$!
{
	archiveVersion = 1;
	classes = {
	};
	objectVersion = 56;
	objects = {

/* Begin PBXBuildFile section */
		2CB060422A93235B00AFF751 /* CantPwnThisApp.swift in Sources */ = {isa = PBXBuildFile; fileRef = 2CB060412A93235B00AFF751 /* CantPwnThisApp.swift */; };
		2CB060442A93235B00AFF751 /* ContentView.swift in Sources */ = {isa = PBXBuildFile; fileRef = 2CB060432A93235B00AFF751 /* ContentView.swift */; };
		2CB060462A93235C00AFF751 /* Assets.xcassets in Resources */ = {isa = PBXBuildFile; fileRef = 2CB060452A93235C00AFF751 /* Assets.xcassets */; };
		2CB060492A93235C00AFF751 /* Preview Assets.xcassets in Resources */ = {isa = PBXBuildFile; fileRef = 2CB060482A93235C00AFF751 /* Preview Assets.xcassets */; };
		2CB0604B2A93235C00AFF751 /* Persistence.swift in Sources */ = {isa = PBXBuildFile; fileRef = 2CB0604A2A93235C00AFF751 /* Persistence.swift */; };
		2CB0604E2A93235C00AFF751 /* CantPwnThis.xcdatamodeld in Sources */ = {isa = PBXBuildFile; fileRef = 2CB0604C2A93235C00AFF751 /* CantPwnThis.xcdatamodeld */; };
		2CB060562A93544100AFF751 /* passwordGeneration.swift in Sources */ = {isa = PBXBuildFile; fileRef = 2CB060552A93544100AFF751 /* passwordGeneration.swift */; };
/* End PBXBuildFile section */

/* Begin PBXFileReference section */
		2CB0603E2A93235B00AFF751 /* CantPwnThis.app */ = {isa = PBXFileReference; explicitFileType = wrapper.application; includeInIndex = 0; path = CantPwnThis.app; sourceTree = BUILT_PRODUCTS_DIR; };
		2CB060412A93235B00AFF751 /* CantPwnThisApp.swift */ = {isa = PBXFileReference; lastKnownFileType = sourcecode.swift; path = CantPwnThisApp.swift; sourceTree = "<group>"; };
		2CB060432A93235B00AFF751 /* ContentView.swift */ = {isa = PBXFileReference; lastKnownFileType = sourcecode.swift; path = ContentView.swift; sourceTree = "<group>"; };
		2CB060452A93235C00AFF751 /* Assets.xcassets */ = {isa = PBXFileReference; lastKnownFileType = folder.assetcatalog; path = Assets.xcassets; sourceTree = "<group>"; };
		2CB060482A93235C00AFF751 /* Preview Assets.xcassets */ = {isa = PBXFileReference; lastKnownFileType = folder.assetcatalog; path = "Preview Assets.xcassets"; sourceTree = "<group>"; };
		2CB0604A2A93235C00AFF751 /* Persistence.swift */ = {isa = PBXFileReference; lastKnownFileType = sourcecode.swift; path = Persistence.swift; sourceTree = "<group>"; };
		2CB0604D2A93235C00AFF751 /* CantPwnThis.xcdatamodel */ = {isa = PBXFileReference; lastKnownFileType = wrapper.xcdatamodel; path = CantPwnThis.xcdatamodel; sourceTree = "<group>"; };
		2CB0604F2A93235C00AFF751 /* CantPwnThis.entitlements */ = {isa = PBXFileReference; lastKnownFileType = text.plist.entitlements; path = CantPwnThis.entitlements; sourceTree = "<group>"; };
		2CB060552A93544100AFF751 /* passwordGeneration.swift */ = {isa = PBXFileReference; lastKnownFileType = sourcecode.swift; path = passwordGeneration.swift; sourceTree = "<group>"; };
/* End PBXFileReference section */

/* Begin PBXFrameworksBuildPhase section */
		2CB0603B2A93235B00AFF751 /* Frameworks */ = {
			isa = PBXFrameworksBuildPhase;
			buildActionMask = 2147483647;
			files = (
			);
			runOnlyForDeploymentPostprocessing = 0;
		};
/* End PBXFrameworksBuildPhase section */

/* Begin PBXGroup section */
		2CB060352A93235B00AFF751 = {
			isa = PBXGroup;
			children = (
				2CB060402A93235B00AFF751 /* CantPwnThis */,
				2CB0603F2A93235B00AFF751 /* Products */,
			);
			sourceTree = "<group>";
		};
		2CB0603F2A93235B00AFF751 /* Products */ = {
			isa = PBXGroup;
			children = (
				2CB0603E2A93235B00AFF751 /* CantPwnThis.app */,
			);
			name = Products;
			sourceTree = "<group>";
		};
		2CB060402A93235B00AFF751 /* CantPwnThis */ = {
			isa = PBXGroup;
			children = (
				2CB060412A93235B00AFF751 /* CantPwnThisApp.swift */,
				2CB060432A93235B00AFF751 /* ContentView.swift */,
				2CB060452A93235C00AFF751 /* Assets.xcassets */,
				2CB0604A2A93235C00AFF751 /* Persistence.swift */,
				2CB0604F2A93235C00AFF751 /* CantPwnThis.entitlements */,
				2CB0604C2A93235C00AFF751 /* CantPwnThis.xcdatamodeld */,
				2CB060472A93235C00AFF751 /* Preview Content */,
				2CB060552A93544100AFF751 /* passwordGeneration.swift */,
			);
			path = CantPwnThis;
			sourceTree = "<group>";
		};
		2CB060472A93235C00AFF751 /* Preview Content */ = {
			isa = PBXGroup;
			children = (
				2CB060482A93235C00AFF751 /* Preview Assets.xcassets */,
			);
			path = "Preview Content";
			sourceTree = "<group>";
		};
/* End PBXGroup section */

/* Begin PBXNativeTarget section */
		2CB0603D2A93235B00AFF751 /* CantPwnThis */ = {
			isa = PBXNativeTarget;
			buildConfigurationList = 2CB060522A93235C00AFF751 /* Build configuration list for PBXNativeTarget "CantPwnThis" */;
			buildPhases = (
				2CB0603A2A93235B00AFF751 /* Sources */,
				2CB0603B2A93235B00AFF751 /* Frameworks */,
				2CB0603C2A93235B00AFF751 /* Resources */,
			);
			buildRules = (
			);
			dependencies = (
			);
			name = CantPwnThis;
			productName = CantPwnThis;
			productReference = 2CB0603E2A93235B00AFF751 /* CantPwnThis.app */;
			productType = "com.apple.product-type.application";
		};
/* End PBXNativeTarget section */

/* Begin PBXProject section */
		2CB060362A93235B00AFF751 /* Project object */ = {
			isa = PBXProject;
			attributes = {
				BuildIndependentTargetsInParallel = 1;
				LastSwiftUpdateCheck = 1430;
				LastUpgradeCheck = 1430;
				TargetAttributes = {
					2CB0603D2A93235B00AFF751 = {
						CreatedOnToolsVersion = 14.3.1;
					};
				};
			};
			buildConfigurationList = 2CB060392A93235B00AFF751 /* Build configuration list for PBXProject "CantPwnThis" */;
			compatibilityVersion = "Xcode 14.0";
			developmentRegion = en;
			hasScannedForEncodings = 0;
			knownRegions = (
				en,
				Base,
			);
			mainGroup = 2CB060352A93235B00AFF751;
			productRefGroup = 2CB0603F2A93235B00AFF751 /* Products */;
			projectDirPath = "";
			projectRoot = "";
			targets = (
				2CB0603D2A93235B00AFF751 /* CantPwnThis */,
			);
		};
/* End PBXProject section */

/* Begin PBXResourcesBuildPhase section */
		2CB0603C2A93235B00AFF751 /* Resources */ = {
			isa = PBXResourcesBuildPhase;
			buildActionMask = 2147483647;
			files = (
				2CB060492A93235C00AFF751 /* Preview Assets.xcassets in Resources */,
				2CB060462A93235C00AFF751 /* Assets.xcassets in Resources */,
			);
			runOnlyForDeploymentPostprocessing = 0;
		};
/* End PBXResourcesBuildPhase section */

/* Begin PBXSourcesBuildPhase section */
		2CB0603A2A93235B00AFF751 /* Sources */ = {
			isa = PBXSourcesBuildPhase;
			buildActionMask = 2147483647;
			files = (
				2CB060562A93544100AFF751 /* passwordGeneration.swift in Sources */,
				2CB0604B2A93235C00AFF751 /* Persistence.swift in Sources */,
				2CB060442A93235B00AFF751 /* ContentView.swift in Sources */,
				2CB060422A93235B00AFF751 /* CantPwnThisApp.swift in Sources */,
				2CB0604E2A93235C00AFF751 /* CantPwnThis.xcdatamodeld in Sources */,
			);
			runOnlyForDeploymentPostprocessing = 0;
		};
/* End PBXSourcesBuildPhase section */

/* Begin XCBuildConfiguration section */
		2CB060502A93235C00AFF751 /* Debug */ = {
			isa = XCBuildConfiguration;
			buildSettings = {
				ALWAYS_SEARCH_USER_PATHS = NO;
				CLANG_ANALYZER_NONNULL = YES;
				CLANG_ANALYZER_NUMBER_OBJECT_CONVERSION = YES_AGGRESSIVE;
				CLANG_CXX_LANGUAGE_STANDARD = "gnu++20";
				CLANG_ENABLE_MODULES = YES;
				CLANG_ENABLE_OBJC_ARC = YES;
				CLANG_ENABLE_OBJC_WEAK = YES;
				CLANG_WARN_BLOCK_CAPTURE_AUTORELEASING = YES;
				CLANG_WARN_BOOL_CONVERSION = YES;
				CLANG_WARN_COMMA = YES;
				CLANG_WARN_CONSTANT_CONVERSION = YES;
				CLANG_WARN_DEPRECATED_OBJC_IMPLEMENTATIONS = YES;
				CLANG_WARN_DIRECT_OBJC_ISA_USAGE = YES_ERROR;
				CLANG_WARN_DOCUMENTATION_COMMENTS = YES;
				CLANG_WARN_EMPTY_BODY = YES;
				CLANG_WARN_ENUM_CONVERSION = YES;
				CLANG_WARN_INFINITE_RECURSION = YES;
				CLANG_WARN_INT_CONVERSION = YES;
				CLANG_WARN_NON_LITERAL_NULL_CONVERSION = YES;
				CLANG_WARN_OBJC_IMPLICIT_RETAIN_SELF = YES;
				CLANG_WARN_OBJC_LITERAL_CONVERSION = YES;
				CLANG_WARN_OBJC_ROOT_CLASS = YES_ERROR;
				CLANG_WARN_QUOTED_INCLUDE_IN_FRAMEWORK_HEADER = YES;
				CLANG_WARN_RANGE_LOOP_ANALYSIS = YES;
				CLANG_WARN_STRICT_PROTOTYPES = YES;
				CLANG_WARN_SUSPICIOUS_MOVE = YES;
				CLANG_WARN_UNGUARDED_AVAILABILITY = YES_AGGRESSIVE;
				CLANG_WARN_UNREACHABLE_CODE = YES;
				CLANG_WARN__DUPLICATE_METHOD_MATCH = YES;
				COPY_PHASE_STRIP = NO;
				DEBUG_INFORMATION_FORMAT = dwarf;
				ENABLE_STRICT_OBJC_MSGSEND = YES;
				ENABLE_TESTABILITY = YES;
				GCC_C_LANGUAGE_STANDARD = gnu11;
				GCC_DYNAMIC_NO_PIC = NO;
				GCC_NO_COMMON_BLOCKS = YES;
				GCC_OPTIMIZATION_LEVEL = 0;
				GCC_PREPROCESSOR_DEFINITIONS = (
					"DEBUG=1",
					"$(inherited)",
				);
				GCC_WARN_64_TO_32_BIT_CONVERSION = YES;
				GCC_WARN_ABOUT_RETURN_TYPE = YES_ERROR;
				GCC_WARN_UNDECLARED_SELECTOR = YES;
				GCC_WARN_UNINITIALIZED_AUTOS = YES_AGGRESSIVE;
				GCC_WARN_UNUSED_FUNCTION = YES;
				GCC_WARN_UNUSED_VARIABLE = YES;
				MACOSX_DEPLOYMENT_TARGET = 13.3;
				MTL_ENABLE_DEBUG_INFO = INCLUDE_SOURCE;
				MTL_FAST_MATH = YES;
				ONLY_ACTIVE_ARCH = YES;
				SDKROOT = macosx;
				SWIFT_ACTIVE_COMPILATION_CONDITIONS = DEBUG;
				SWIFT_OPTIMIZATION_LEVEL = "-Onone";
			};
			name = Debug;
		};
		2CB060512A93235C00AFF751 /* Release */ = {
			isa = XCBuildConfiguration;
			buildSettings = {
				ALWAYS_SEARCH_USER_PATHS = NO;
				CLANG_ANALYZER_NONNULL = YES;
				CLANG_ANALYZER_NUMBER_OBJECT_CONVERSION = YES_AGGRESSIVE;
				CLANG_CXX_LANGUAGE_STANDARD = "gnu++20";
				CLANG_ENABLE_MODULES = YES;
				CLANG_ENABLE_OBJC_ARC = YES;
				CLANG_ENABLE_OBJC_WEAK = YES;
				CLANG_WARN_BLOCK_CAPTURE_AUTORELEASING = YES;
				CLANG_WARN_BOOL_CONVERSION = YES;
				CLANG_WARN_COMMA = YES;
				CLANG_WARN_CONSTANT_CONVERSION = YES;
				CLANG_WARN_DEPRECATED_OBJC_IMPLEMENTATIONS = YES;
				CLANG_WARN_DIRECT_OBJC_ISA_USAGE = YES_ERROR;
				CLANG_WARN_DOCUMENTATION_COMMENTS = YES;
				CLANG_WARN_EMPTY_BODY = YES;
				CLANG_WARN_ENUM_CONVERSION = YES;
				CLANG_WARN_INFINITE_RECURSION = YES;
				CLANG_WARN_INT_CONVERSION = YES;
				CLANG_WARN_NON_LITERAL_NULL_CONVERSION = YES;
				CLANG_WARN_OBJC_IMPLICIT_RETAIN_SELF = YES;
				CLANG_WARN_OBJC_LITERAL_CONVERSION = YES;
				CLANG_WARN_OBJC_ROOT_CLASS = YES_ERROR;
				CLANG_WARN_QUOTED_INCLUDE_IN_FRAMEWORK_HEADER = YES;
				CLANG_WARN_RANGE_LOOP_ANALYSIS = YES;
				CLANG_WARN_STRICT_PROTOTYPES = YES;
				CLANG_WARN_SUSPICIOUS_MOVE = YES;
				CLANG_WARN_UNGUARDED_AVAILABILITY = YES_AGGRESSIVE;
				CLANG_WARN_UNREACHABLE_CODE = YES;
				CLANG_WARN__DUPLICATE_METHOD_MATCH = YES;
				COPY_PHASE_STRIP = NO;
				DEBUG_INFORMATION_FORMAT = "dwarf-with-dsym";
				ENABLE_NS_ASSERTIONS = NO;
				ENABLE_STRICT_OBJC_MSGSEND = YES;
				GCC_C_LANGUAGE_STANDARD = gnu11;
				GCC_NO_COMMON_BLOCKS = YES;
				GCC_WARN_64_TO_32_BIT_CONVERSION = YES;
				GCC_WARN_ABOUT_RETURN_TYPE = YES_ERROR;
				GCC_WARN_UNDECLARED_SELECTOR = YES;
				GCC_WARN_UNINITIALIZED_AUTOS = YES_AGGRESSIVE;
				GCC_WARN_UNUSED_FUNCTION = YES;
				GCC_WARN_UNUSED_VARIABLE = YES;
				MACOSX_DEPLOYMENT_TARGET = 13.3;
				MTL_ENABLE_DEBUG_INFO = NO;
				MTL_FAST_MATH = YES;
				SDKROOT = macosx;
				SWIFT_COMPILATION_MODE = wholemodule;
				SWIFT_OPTIMIZATION_LEVEL = "-O";
			};
			name = Release;
		};
		2CB060532A93235C00AFF751 /* Debug */ = {
			isa = XCBuildConfiguration;
			buildSettings = {
				ASSETCATALOG_COMPILER_APPICON_NAME = AppIcon;
				ASSETCATALOG_COMPILER_GLOBAL_ACCENT_COLOR_NAME = AccentColor;
				CODE_SIGN_ENTITLEMENTS = CantPwnThis/CantPwnThis.entitlements;
				CODE_SIGN_STYLE = Automatic;
				COMBINE_HIDPI_IMAGES = YES;
				CURRENT_PROJECT_VERSION = 1;
				DEVELOPMENT_ASSET_PATHS = "\"CantPwnThis/Preview Content\"";
				DEVELOPMENT_TEAM = 8H5A2XU4GP;
				ENABLE_HARDENED_RUNTIME = YES;
				ENABLE_PREVIEWS = YES;
				GENERATE_INFOPLIST_FILE = YES;
				INFOPLIST_KEY_NSHumanReadableCopyright = "";
				LD_RUNPATH_SEARCH_PATHS = (
					"$(inherited)",
					"@executable_path/../Frameworks",
				);
				MARKETING_VERSION = 1.0;
				PRODUCT_BUNDLE_IDENTIFIER = com.pineaapplepower.CantPwnThis;
				PRODUCT_NAME = "$(TARGET_NAME)";
				SWIFT_EMIT_LOC_STRINGS = YES;
				SWIFT_VERSION = 5.0;
			};
			name = Debug;
		};
		2CB060542A93235C00AFF751 /* Release */ = {
			isa = XCBuildConfiguration;
			buildSettings = {
				ASSETCATALOG_COMPILER_APPICON_NAME = AppIcon;
				ASSETCATALOG_COMPILER_GLOBAL_ACCENT_COLOR_NAME = AccentColor;
				CODE_SIGN_ENTITLEMENTS = CantPwnThis/CantPwnThis.entitlements;
				CODE_SIGN_STYLE = Automatic;
				COMBINE_HIDPI_IMAGES = YES;
				CURRENT_PROJECT_VERSION = 1;
				DEVELOPMENT_ASSET_PATHS = "\"CantPwnThis/Preview Content\"";
				DEVELOPMENT_TEAM = 8H5A2XU4GP;
				ENABLE_HARDENED_RUNTIME = YES;
				ENABLE_PREVIEWS = YES;
				GENERATE_INFOPLIST_FILE = YES;
				INFOPLIST_KEY_NSHumanReadableCopyright = "";
				LD_RUNPATH_SEARCH_PATHS = (
					"$(inherited)",
					"@executable_path/../Frameworks",
				);
				MARKETING_VERSION = 1.0;
				PRODUCT_BUNDLE_IDENTIFIER = com.pineaapplepower.CantPwnThis;
				PRODUCT_NAME = "$(TARGET_NAME)";
				SWIFT_EMIT_LOC_STRINGS = YES;
				SWIFT_VERSION = 5.0;
			};
			name = Release;
		};
/* End XCBuildConfiguration section */

/* Begin XCConfigurationList section */
		2CB060392A93235B00AFF751 /* Build configuration list for PBXProject "CantPwnThis" */ = {
			isa = XCConfigurationList;
			buildConfigurations = (
				2CB060502A93235C00AFF751 /* Debug */,
				2CB060512A93235C00AFF751 /* Release */,
			);
			defaultConfigurationIsVisible = 0;
			defaultConfigurationName = Release;
		};
		2CB060522A93235C00AFF751 /* Build configuration list for PBXNativeTarget "CantPwnThis" */ = {
			isa = XCConfigurationList;
			buildConfigurations = (
				2CB060532A93235C00AFF751 /* Debug */,
				2CB060542A93235C00AFF751 /* Release */,
			);
			defaultConfigurationIsVisible = 0;
			defaultConfigurationName = Release;
		};
/* End XCConfigurationList section */

/* Begin XCVersionGroup section */
		2CB0604C2A93235C00AFF751 /* CantPwnThis.xcdatamodeld */ = {
			isa = XCVersionGroup;
			children = (
				2CB0604D2A93235C00AFF751 /* CantPwnThis.xcdatamodel */,
			);
			currentVersion = 2CB0604D2A93235C00AFF751 /* CantPwnThis.xcdatamodel */;
			path = CantPwnThis.xcdatamodeld;
			sourceTree = "<group>";
			versionGroupType = wrapper.xcdatamodel;
		};
/* End XCVersionGroup section */
	};
	rootObject = 2CB060362A93235B00AFF751 /* Project object */;
}
